
Microsoft Visual Studio Solution File, Format Version 12.00
# Visual Studio 15
Project("{FAE04EC0-301F-11D3-BF4B-00C04F79EFBC}") = "Unity.XR.Interaction.Toolkit.Samples.DeviceSimulator", "Unity.XR.Interaction.Toolkit.Samples.DeviceSimulator.csproj", "{86970D73-9792-37CC-B615-D1F99E61579C}"
EndProject
Project("{FAE04EC0-301F-11D3-BF4B-00C04F79EFBC}") = "Assembly-CSharp", "Assembly-CSharp.csproj", "{BE0E8384-6A4A-567E-99D0-1249A711EB21}"
EndProject
Global
	GlobalSection(SolutionConfigurationPlatforms) = preSolution
		Debug|Any CPU = Debug|Any CPU
		Release|Any CPU = Release|Any CPU
	EndGlobalSection
	GlobalSection(ProjectConfigurationPlatforms) = postSolution
		{86970D73-9792-37CC-B615-D1F99E61579C}.Debug|Any CPU.ActiveCfg = Debug|Any CPU
		{86970D73-9792-37CC-B615-D1F99E61579C}.Debug|Any CPU.Build.0 = Debug|Any CPU
		{86970D73-9792-37CC-B615-D1F99E61579C}.Release|Any CPU.ActiveCfg = Release|Any CPU
		{86970D73-9792-37CC-B615-D1F99E61579C}.Release|Any CPU.Build.0 = Release|Any CPU
		{BE0E8384-6A4A-567E-99D0-1249A711EB21}.Debug|Any CPU.ActiveCfg = Debug|Any CPU
		{BE0E8384-6A4A-567E-99D0-1249A711EB21}.Debug|Any CPU.Build.0 = Debug|Any CPU
		{BE0E8384-6A4A-567E-99D0-1249A711EB21}.Release|Any CPU.ActiveCfg = Release|Any CPU
		{BE0E8384-6A4A-567E-99D0-1249A711EB21}.Release|Any CPU.Build.0 = Release|Any CPU
	EndGlobalSection
	GlobalSection(SolutionProperties) = preSolution
		HideSolutionNode = FALSE
	EndGlobalSection
EndGlobal
